
Microsoft Visual Studio Solution File, Format Version 12.00
# Visual Studio 15
VisualStudioVersion = 15.0.28307.421
MinimumVisualStudioVersion = 10.0.40219.1
Project("{FAE04EC0-301F-11D3-BF4B-00C04F79EFBC}") = "PhoneSite", "PhoneSite\PhoneSite.csproj", "{38EEC4BE-7852-414D-BA3E-7828D5BFD9C5}"
EndProject
Global
	GlobalSection(SolutionConfigurationPlatforms) = preSolution
		Debug|Any CPU = Debug|Any CPU
		Release|Any CPU = Release|Any CPU
	EndGlobalSection
	GlobalSection(ProjectConfigurationPlatforms) = postSolution
		{38EEC4BE-7852-414D-BA3E-7828D5BFD9C5}.Debug|Any CPU.ActiveCfg = Debug|Any CPU
		{38EEC4BE-7852-414D-BA3E-7828D5BFD9C5}.Debug|Any CPU.Build.0 = Debug|Any CPU
		{38EEC4BE-7852-414D-BA3E-7828D5BFD9C5}.Release|Any CPU.ActiveCfg = Release|Any CPU
		{38EEC4BE-7852-414D-BA3E-7828D5BFD9C5}.Release|Any CPU.Build.0 = Release|Any CPU
	EndGlobalSection
	GlobalSection(SolutionProperties) = preSolution
		HideSolutionNode = FALSE
	EndGlobalSection
	GlobalSection(ExtensibilityGlobals) = postSolution
		SolutionGuid = {65C19D33-F461-46E5-BEEA-C834ABE1B0E2}
	EndGlobalSection
EndGlobal
